
Microsoft Visual Studio Solution File, Format Version 12.00
# Visual Studio Version 17
VisualStudioVersion = 17.6.33829.357
MinimumVisualStudioVersion = 10.0.40219.1
Project("{9A19103F-16F7-4668-BE54-9A1E7A4F7556}") = "PrismUI", "PrismUI\PrismUI.csproj", "{4624D5DD-850C-4329-9003-0E021994961E}"
EndProject
Project("{9A19103F-16F7-4668-BE54-9A1E7A4F7556}") = "ModuleHome", "ModuleHome\ModuleHome.csproj", "{378414FB-D587-4F1B-9A16-61DA28239CD1}"
EndProject
Project("{FAE04EC0-301F-11D3-BF4B-00C04F79EFBC}") = "ModuleMember", "ModuleMember\ModuleMember.csproj", "{C05CC338-6091-4348-8F97-337A5C588AAB}"
EndProject
Global
	GlobalSection(SolutionConfigurationPlatforms) = preSolution
		Debug|Any CPU = Debug|Any CPU
		Release|Any CPU = Release|Any CPU
	EndGlobalSection
	GlobalSection(ProjectConfigurationPlatforms) = postSolution
		{4624D5DD-850C-4329-9003-0E021994961E}.Debug|Any CPU.ActiveCfg = Debug|Any CPU
		{4624D5DD-850C-4329-9003-0E021994961E}.Debug|Any CPU.Build.0 = Debug|Any CPU
		{4624D5DD-850C-4329-9003-0E021994961E}.Release|Any CPU.ActiveCfg = Release|Any CPU
		{4624D5DD-850C-4329-9003-0E021994961E}.Release|Any CPU.Build.0 = Release|Any CPU
		{378414FB-D587-4F1B-9A16-61DA28239CD1}.Debug|Any CPU.ActiveCfg = Debug|Any CPU
		{378414FB-D587-4F1B-9A16-61DA28239CD1}.Debug|Any CPU.Build.0 = Debug|Any CPU
		{378414FB-D587-4F1B-9A16-61DA28239CD1}.Release|Any CPU.ActiveCfg = Release|Any CPU
		{378414FB-D587-4F1B-9A16-61DA28239CD1}.Release|Any CPU.Build.0 = Release|Any CPU
		{C05CC338-6091-4348-8F97-337A5C588AAB}.Debug|Any CPU.ActiveCfg = Debug|Any CPU
		{C05CC338-6091-4348-8F97-337A5C588AAB}.Debug|Any CPU.Build.0 = Debug|Any CPU
		{C05CC338-6091-4348-8F97-337A5C588AAB}.Release|Any CPU.ActiveCfg = Release|Any CPU
		{C05CC338-6091-4348-8F97-337A5C588AAB}.Release|Any CPU.Build.0 = Release|Any CPU
	EndGlobalSection
	GlobalSection(SolutionProperties) = preSolution
		HideSolutionNode = FALSE
	EndGlobalSection
	GlobalSection(ExtensibilityGlobals) = postSolution
		SolutionGuid = {963204DB-92AE-41CC-994A-B955A66F813B}
	EndGlobalSection
EndGlobal
